// !$*UTF8*$!
{
	archiveVersion = 1;
	classes = {
	};
	objectVersion = 56;
	objects = {

/* Begin PBXBuildFile section */
		85137B55CD1AD04E4498DA7E /* Pods_GapoChallenge.framework in Frameworks */ = {isa = PBXBuildFile; fileRef = 7465FB4EC12FF06B5C00B115 /* Pods_GapoChallenge.framework */; };
		FF0864942973273300BB9E2B /* NotificationViewController.swift in Sources */ = {isa = PBXBuildFile; fileRef = FF0864922973273300BB9E2B /* NotificationViewController.swift */; };
		FF0864972973293000BB9E2B /* NotificationViewModel.swift in Sources */ = {isa = PBXBuildFile; fileRef = FF0864962973293000BB9E2B /* NotificationViewModel.swift */; };
		FF08649929732A5700BB9E2B /* NotificationModel.swift in Sources */ = {isa = PBXBuildFile; fileRef = FF08649829732A5700BB9E2B /* NotificationModel.swift */; };
		FF08649D29732BAE00BB9E2B /* NotificationCell.swift in Sources */ = {isa = PBXBuildFile; fileRef = FF08649B29732BAE00BB9E2B /* NotificationCell.swift */; };
		FF08649E29732BAE00BB9E2B /* NotificationCell.xib in Resources */ = {isa = PBXBuildFile; fileRef = FF08649C29732BAE00BB9E2B /* NotificationCell.xib */; };
		FF0864A129733B4E00BB9E2B /* UIColorExtension.swift in Sources */ = {isa = PBXBuildFile; fileRef = FF0864A029733B4E00BB9E2B /* UIColorExtension.swift */; };
		FF0864A329733D7200BB9E2B /* noti.json in Resources */ = {isa = PBXBuildFile; fileRef = FF0864A229733D7200BB9E2B /* noti.json */; };
		FF0864A52973425200BB9E2B /* UIImageViewExtension.swift in Sources */ = {isa = PBXBuildFile; fileRef = FF0864A42973425200BB9E2B /* UIImageViewExtension.swift */; };
		FF0864A72973F4EA00BB9E2B /* UIViewExtension.swift in Sources */ = {isa = PBXBuildFile; fileRef = FF0864A62973F4EA00BB9E2B /* UIViewExtension.swift */; };
		FF0864A92974357C00BB9E2B /* NotificationAPIService.swift in Sources */ = {isa = PBXBuildFile; fileRef = FF0864A82974357C00BB9E2B /* NotificationAPIService.swift */; };
		FF70615C29747C84007A06EB /* NotificationViewController.xib in Resources */ = {isa = PBXBuildFile; fileRef = FF70615B29747C84007A06EB /* NotificationViewController.xib */; };
		FF78783B29730F4600D9D813 /* AppDelegate.swift in Sources */ = {isa = PBXBuildFile; fileRef = FF78783A29730F4600D9D813 /* AppDelegate.swift */; };
		FF78783D29730F4600D9D813 /* SceneDelegate.swift in Sources */ = {isa = PBXBuildFile; fileRef = FF78783C29730F4600D9D813 /* SceneDelegate.swift */; };
		FF78784429730F4800D9D813 /* Assets.xcassets in Resources */ = {isa = PBXBuildFile; fileRef = FF78784329730F4800D9D813 /* Assets.xcassets */; };
		FF78784729730F4800D9D813 /* LaunchScreen.storyboard in Resources */ = {isa = PBXBuildFile; fileRef = FF78784529730F4800D9D813 /* LaunchScreen.storyboard */; };
/* End PBXBuildFile section */

/* Begin PBXFileReference section */
		7465FB4EC12FF06B5C00B115 /* Pods_GapoChallenge.framework */ = {isa = PBXFileReference; explicitFileType = wrapper.framework; includeInIndex = 0; path = Pods_GapoChallenge.framework; sourceTree = BUILT_PRODUCTS_DIR; };
		A509EDA9A3D579A6E15B006F /* Pods-GapoChallenge.debug.xcconfig */ = {isa = PBXFileReference; includeInIndex = 1; lastKnownFileType = text.xcconfig; name = "Pods-GapoChallenge.debug.xcconfig"; path = "Target Support Files/Pods-GapoChallenge/Pods-GapoChallenge.debug.xcconfig"; sourceTree = "<group>"; };
		B0EAFF29DD8F5C1CE19CD2EF /* Pods-GapoChallenge.release.xcconfig */ = {isa = PBXFileReference; includeInIndex = 1; lastKnownFileType = text.xcconfig; name = "Pods-GapoChallenge.release.xcconfig"; path = "Target Support Files/Pods-GapoChallenge/Pods-GapoChallenge.release.xcconfig"; sourceTree = "<group>"; };
		FF0864922973273300BB9E2B /* NotificationViewController.swift */ = {isa = PBXFileReference; lastKnownFileType = sourcecode.swift; path = NotificationViewController.swift; sourceTree = "<group>"; };
		FF0864962973293000BB9E2B /* NotificationViewModel.swift */ = {isa = PBXFileReference; lastKnownFileType = sourcecode.swift; path = NotificationViewModel.swift; sourceTree = "<group>"; };
		FF08649829732A5700BB9E2B /* NotificationModel.swift */ = {isa = PBXFileReference; lastKnownFileType = sourcecode.swift; path = NotificationModel.swift; sourceTree = "<group>"; };
		FF08649B29732BAE00BB9E2B /* NotificationCell.swift */ = {isa = PBXFileReference; lastKnownFileType = sourcecode.swift; path = NotificationCell.swift; sourceTree = "<group>"; };
		FF08649C29732BAE00BB9E2B /* NotificationCell.xib */ = {isa = PBXFileReference; lastKnownFileType = file.xib; path = NotificationCell.xib; sourceTree = "<group>"; };
		FF0864A029733B4E00BB9E2B /* UIColorExtension.swift */ = {isa = PBXFileReference; lastKnownFileType = sourcecode.swift; path = UIColorExtension.swift; sourceTree = "<group>"; };
		FF0864A229733D7200BB9E2B /* noti.json */ = {isa = PBXFileReference; fileEncoding = 4; lastKnownFileType = text.json; path = noti.json; sourceTree = "<group>"; };
		FF0864A42973425200BB9E2B /* UIImageViewExtension.swift */ = {isa = PBXFileReference; lastKnownFileType = sourcecode.swift; path = UIImageViewExtension.swift; sourceTree = "<group>"; };
		FF0864A62973F4EA00BB9E2B /* UIViewExtension.swift */ = {isa = PBXFileReference; lastKnownFileType = sourcecode.swift; path = UIViewExtension.swift; sourceTree = "<group>"; };
		FF0864A82974357C00BB9E2B /* NotificationAPIService.swift */ = {isa = PBXFileReference; lastKnownFileType = sourcecode.swift; path = NotificationAPIService.swift; sourceTree = "<group>"; };
		FF70615B29747C84007A06EB /* NotificationViewController.xib */ = {isa = PBXFileReference; fileEncoding = 4; lastKnownFileType = file.xib; path = NotificationViewController.xib; sourceTree = "<group>"; };
		FF78783729730F4600D9D813 /* GapoChallenge.app */ = {isa = PBXFileReference; explicitFileType = wrapper.application; includeInIndex = 0; path = GapoChallenge.app; sourceTree = BUILT_PRODUCTS_DIR; };
		FF78783A29730F4600D9D813 /* AppDelegate.swift */ = {isa = PBXFileReference; lastKnownFileType = sourcecode.swift; path = AppDelegate.swift; sourceTree = "<group>"; };
		FF78783C29730F4600D9D813 /* SceneDelegate.swift */ = {isa = PBXFileReference; lastKnownFileType = sourcecode.swift; path = SceneDelegate.swift; sourceTree = "<group>"; };
		FF78784329730F4800D9D813 /* Assets.xcassets */ = {isa = PBXFileReference; lastKnownFileType = folder.assetcatalog; path = Assets.xcassets; sourceTree = "<group>"; };
		FF78784629730F4800D9D813 /* Base */ = {isa = PBXFileReference; lastKnownFileType = file.storyboard; name = Base; path = Base.lproj/LaunchScreen.storyboard; sourceTree = "<group>"; };
		FF78784829730F4800D9D813 /* Info.plist */ = {isa = PBXFileReference; lastKnownFileType = text.plist.xml; path = Info.plist; sourceTree = "<group>"; };
/* End PBXFileReference section */

/* Begin PBXFrameworksBuildPhase section */
		FF78783429730F4600D9D813 /* Frameworks */ = {
			isa = PBXFrameworksBuildPhase;
			buildActionMask = 2147483647;
			files = (
				85137B55CD1AD04E4498DA7E /* Pods_GapoChallenge.framework in Frameworks */,
			);
			runOnlyForDeploymentPostprocessing = 0;
		};
/* End PBXFrameworksBuildPhase section */

/* Begin PBXGroup section */
		853E9D84862EC27183DC3913 /* Frameworks */ = {
			isa = PBXGroup;
			children = (
				7465FB4EC12FF06B5C00B115 /* Pods_GapoChallenge.framework */,
			);
			name = Frameworks;
			sourceTree = "<group>";
		};
		E0109CEFE15E8F02E4DD9D4B /* Pods */ = {
			isa = PBXGroup;
			children = (
				A509EDA9A3D579A6E15B006F /* Pods-GapoChallenge.debug.xcconfig */,
				B0EAFF29DD8F5C1CE19CD2EF /* Pods-GapoChallenge.release.xcconfig */,
			);
			path = Pods;
			sourceTree = "<group>";
		};
		FF08649A29732B8400BB9E2B /* Cells */ = {
			isa = PBXGroup;
			children = (
				FF08649B29732BAE00BB9E2B /* NotificationCell.swift */,
				FF08649C29732BAE00BB9E2B /* NotificationCell.xib */,
			);
			path = Cells;
			sourceTree = "<group>";
		};
		FF08649F29733B3C00BB9E2B /* Extension */ = {
			isa = PBXGroup;
			children = (
				FF0864A029733B4E00BB9E2B /* UIColorExtension.swift */,
				FF0864A42973425200BB9E2B /* UIImageViewExtension.swift */,
				FF0864A62973F4EA00BB9E2B /* UIViewExtension.swift */,
			);
			path = Extension;
			sourceTree = "<group>";
		};
		FF0864AD29747C1F00BB9E2B /* Models */ = {
			isa = PBXGroup;
			children = (
				FF78784E2973228800D9D813 /* Notification */,
			);
			path = Models;
			sourceTree = "<group>";
		};
		FF0864AE29747C3700BB9E2B /* ViewModels */ = {
			isa = PBXGroup;
			children = (
				FF7878502973229600D9D813 /* Notification */,
			);
			path = ViewModels;
			sourceTree = "<group>";
		};
		FF78782E29730F4600D9D813 = {
			isa = PBXGroup;
			children = (
				FF78783929730F4600D9D813 /* GapoChallenge */,
				FF78783829730F4600D9D813 /* Products */,
				E0109CEFE15E8F02E4DD9D4B /* Pods */,
				853E9D84862EC27183DC3913 /* Frameworks */,
			);
			sourceTree = "<group>";
		};
		FF78783829730F4600D9D813 /* Products */ = {
			isa = PBXGroup;
			children = (
				FF78783729730F4600D9D813 /* GapoChallenge.app */,
			);
			name = Products;
			sourceTree = "<group>";
		};
		FF78783929730F4600D9D813 /* GapoChallenge */ = {
			isa = PBXGroup;
			children = (
				FF08649F29733B3C00BB9E2B /* Extension */,
				FF0864AE29747C3700BB9E2B /* ViewModels */,
				FF0864AD29747C1F00BB9E2B /* Models */,
				FF7878522973261000D9D813 /* Screen */,
				FF7878512973260400D9D813 /* APIService */,
				FF78783A29730F4600D9D813 /* AppDelegate.swift */,
				FF78783C29730F4600D9D813 /* SceneDelegate.swift */,
				FF78784329730F4800D9D813 /* Assets.xcassets */,
				FF78784529730F4800D9D813 /* LaunchScreen.storyboard */,
				FF78784829730F4800D9D813 /* Info.plist */,
			);
			path = GapoChallenge;
			sourceTree = "<group>";
		};
		FF78784E2973228800D9D813 /* Notification */ = {
			isa = PBXGroup;
			children = (
				FF0864A229733D7200BB9E2B /* noti.json */,
				FF08649829732A5700BB9E2B /* NotificationModel.swift */,
			);
			path = Notification;
			sourceTree = "<group>";
		};
		FF7878502973229600D9D813 /* Notification */ = {
			isa = PBXGroup;
			children = (
				FF0864962973293000BB9E2B /* NotificationViewModel.swift */,
			);
			path = Notification;
			sourceTree = "<group>";
		};
		FF7878512973260400D9D813 /* APIService */ = {
			isa = PBXGroup;
			children = (
				FF0864A82974357C00BB9E2B /* NotificationAPIService.swift */,
			);
			path = APIService;
			sourceTree = "<group>";
		};
		FF7878522973261000D9D813 /* Screen */ = {
			isa = PBXGroup;
			children = (
				FF7878532973262600D9D813 /* Notification */,
			);
			path = Screen;
			sourceTree = "<group>";
		};
		FF7878532973262600D9D813 /* Notification */ = {
			isa = PBXGroup;
			children = (
				FF08649A29732B8400BB9E2B /* Cells */,
				FF70615B29747C84007A06EB /* NotificationViewController.xib */,
				FF0864922973273300BB9E2B /* NotificationViewController.swift */,
			);
			path = Notification;
			sourceTree = "<group>";
		};
/* End PBXGroup section */

/* Begin PBXNativeTarget section */
		FF78783629730F4600D9D813 /* GapoChallenge */ = {
			isa = PBXNativeTarget;
			buildConfigurationList = FF78784B29730F4800D9D813 /* Build configuration list for PBXNativeTarget "GapoChallenge" */;
			buildPhases = (
				7657474EE190510CBE2F009F /* [CP] Check Pods Manifest.lock */,
				FF78783329730F4600D9D813 /* Sources */,
				FF78783429730F4600D9D813 /* Frameworks */,
				FF78783529730F4600D9D813 /* Resources */,
				2CBB50900A7C53DB5BDBCE7D /* [CP] Embed Pods Frameworks */,
			);
			buildRules = (
			);
			dependencies = (
			);
			name = GapoChallenge;
			productName = GapoChallenge;
			productReference = FF78783729730F4600D9D813 /* GapoChallenge.app */;
			productType = "com.apple.product-type.application";
		};
/* End PBXNativeTarget section */

/* Begin PBXProject section */
		FF78782F29730F4600D9D813 /* Project object */ = {
			isa = PBXProject;
			attributes = {
				BuildIndependentTargetsInParallel = 1;
				LastSwiftUpdateCheck = 1400;
				LastUpgradeCheck = 1400;
				TargetAttributes = {
					FF78783629730F4600D9D813 = {
						CreatedOnToolsVersion = 14.0.1;
					};
				};
			};
			buildConfigurationList = FF78783229730F4600D9D813 /* Build configuration list for PBXProject "GapoChallenge" */;
			compatibilityVersion = "Xcode 14.0";
			developmentRegion = en;
			hasScannedForEncodings = 0;
			knownRegions = (
				en,
				Base,
			);
			mainGroup = FF78782E29730F4600D9D813;
			productRefGroup = FF78783829730F4600D9D813 /* Products */;
			projectDirPath = "";
			projectRoot = "";
			targets = (
				FF78783629730F4600D9D813 /* GapoChallenge */,
			);
		};
/* End PBXProject section */

/* Begin PBXResourcesBuildPhase section */
		FF78783529730F4600D9D813 /* Resources */ = {
			isa = PBXResourcesBuildPhase;
			buildActionMask = 2147483647;
			files = (
				FF08649E29732BAE00BB9E2B /* NotificationCell.xib in Resources */,
				FF0864A329733D7200BB9E2B /* noti.json in Resources */,
				FF78784729730F4800D9D813 /* LaunchScreen.storyboard in Resources */,
				FF70615C29747C84007A06EB /* NotificationViewController.xib in Resources */,
				FF78784429730F4800D9D813 /* Assets.xcassets in Resources */,
			);
			runOnlyForDeploymentPostprocessing = 0;
		};
/* End PBXResourcesBuildPhase section */

/* Begin PBXShellScriptBuildPhase section */
		2CBB50900A7C53DB5BDBCE7D /* [CP] Embed Pods Frameworks */ = {
			isa = PBXShellScriptBuildPhase;
			buildActionMask = 2147483647;
			files = (
			);
			inputFileListPaths = (
				"${PODS_ROOT}/Target Support Files/Pods-GapoChallenge/Pods-GapoChallenge-frameworks-${CONFIGURATION}-input-files.xcfilelist",
			);
			name = "[CP] Embed Pods Frameworks";
			outputFileListPaths = (
				"${PODS_ROOT}/Target Support Files/Pods-GapoChallenge/Pods-GapoChallenge-frameworks-${CONFIGURATION}-output-files.xcfilelist",
			);
			runOnlyForDeploymentPostprocessing = 0;
			shellPath = /bin/sh;
			shellScript = "\"${PODS_ROOT}/Target Support Files/Pods-GapoChallenge/Pods-GapoChallenge-frameworks.sh\"\n";
			showEnvVarsInLog = 0;
		};
		7657474EE190510CBE2F009F /* [CP] Check Pods Manifest.lock */ = {
			isa = PBXShellScriptBuildPhase;
			buildActionMask = 2147483647;
			files = (
			);
			inputFileListPaths = (
			);
			inputPaths = (
				"${PODS_PODFILE_DIR_PATH}/Podfile.lock",
				"${PODS_ROOT}/Manifest.lock",
			);
			name = "[CP] Check Pods Manifest.lock";
			outputFileListPaths = (
			);
			outputPaths = (
				"$(DERIVED_FILE_DIR)/Pods-GapoChallenge-checkManifestLockResult.txt",
			);
			runOnlyForDeploymentPostprocessing = 0;
			shellPath = /bin/sh;
			shellScript = "diff \"${PODS_PODFILE_DIR_PATH}/Podfile.lock\" \"${PODS_ROOT}/Manifest.lock\" > /dev/null\nif [ $? != 0 ] ; then\n    # print error to STDERR\n    echo \"error: The sandbox is not in sync with the Podfile.lock. Run 'pod install' or update your CocoaPods installation.\" >&2\n    exit 1\nfi\n# This output is used by Xcode 'outputs' to avoid re-running this script phase.\necho \"SUCCESS\" > \"${SCRIPT_OUTPUT_FILE_0}\"\n";
			showEnvVarsInLog = 0;
		};
/* End PBXShellScriptBuildPhase section */

/* Begin PBXSourcesBuildPhase section */
		FF78783329730F4600D9D813 /* Sources */ = {
			isa = PBXSourcesBuildPhase;
			buildActionMask = 2147483647;
			files = (
				FF78783B29730F4600D9D813 /* AppDelegate.swift in Sources */,
				FF0864972973293000BB9E2B /* NotificationViewModel.swift in Sources */,
				FF0864942973273300BB9E2B /* NotificationViewController.swift in Sources */,
				FF0864A92974357C00BB9E2B /* NotificationAPIService.swift in Sources */,
				FF08649929732A5700BB9E2B /* NotificationModel.swift in Sources */,
				FF08649D29732BAE00BB9E2B /* NotificationCell.swift in Sources */,
				FF0864A129733B4E00BB9E2B /* UIColorExtension.swift in Sources */,
				FF0864A72973F4EA00BB9E2B /* UIViewExtension.swift in Sources */,
				FF78783D29730F4600D9D813 /* SceneDelegate.swift in Sources */,
				FF0864A52973425200BB9E2B /* UIImageViewExtension.swift in Sources */,
			);
			runOnlyForDeploymentPostprocessing = 0;
		};
/* End PBXSourcesBuildPhase section */

/* Begin PBXVariantGroup section */
		FF78784529730F4800D9D813 /* LaunchScreen.storyboard */ = {
			isa = PBXVariantGroup;
			children = (
				FF78784629730F4800D9D813 /* Base */,
			);
			name = LaunchScreen.storyboard;
			sourceTree = "<group>";
		};
/* End PBXVariantGroup section */

/* Begin XCBuildConfiguration section */
		FF78784929730F4800D9D813 /* Debug */ = {
			isa = XCBuildConfiguration;
			buildSettings = {
				ALWAYS_SEARCH_USER_PATHS = NO;
				CLANG_ANALYZER_NONNULL = YES;
				CLANG_ANALYZER_NUMBER_OBJECT_CONVERSION = YES_AGGRESSIVE;
				CLANG_CXX_LANGUAGE_STANDARD = "gnu++20";
				CLANG_ENABLE_MODULES = YES;
				CLANG_ENABLE_OBJC_ARC = YES;
				CLANG_ENABLE_OBJC_WEAK = YES;
				CLANG_WARN_BLOCK_CAPTURE_AUTORELEASING = YES;
				CLANG_WARN_BOOL_CONVERSION = YES;
				CLANG_WARN_COMMA = YES;
				CLANG_WARN_CONSTANT_CONVERSION = YES;
				CLANG_WARN_DEPRECATED_OBJC_IMPLEMENTATIONS = YES;
				CLANG_WARN_DIRECT_OBJC_ISA_USAGE = YES_ERROR;
				CLANG_WARN_DOCUMENTATION_COMMENTS = YES;
				CLANG_WARN_EMPTY_BODY = YES;
				CLANG_WARN_ENUM_CONVERSION = YES;
				CLANG_WARN_INFINITE_RECURSION = YES;
				CLANG_WARN_INT_CONVERSION = YES;
				CLANG_WARN_NON_LITERAL_NULL_CONVERSION = YES;
				CLANG_WARN_OBJC_IMPLICIT_RETAIN_SELF = YES;
				CLANG_WARN_OBJC_LITERAL_CONVERSION = YES;
				CLANG_WARN_OBJC_ROOT_CLASS = YES_ERROR;
				CLANG_WARN_QUOTED_INCLUDE_IN_FRAMEWORK_HEADER = YES;
				CLANG_WARN_RANGE_LOOP_ANALYSIS = YES;
				CLANG_WARN_STRICT_PROTOTYPES = YES;
				CLANG_WARN_SUSPICIOUS_MOVE = YES;
				CLANG_WARN_UNGUARDED_AVAILABILITY = YES_AGGRESSIVE;
				CLANG_WARN_UNREACHABLE_CODE = YES;
				CLANG_WARN__DUPLICATE_METHOD_MATCH = YES;
				COPY_PHASE_STRIP = NO;
				DEBUG_INFORMATION_FORMAT = dwarf;
				ENABLE_STRICT_OBJC_MSGSEND = YES;
				ENABLE_TESTABILITY = YES;
				GCC_C_LANGUAGE_STANDARD = gnu11;
				GCC_DYNAMIC_NO_PIC = NO;
				GCC_NO_COMMON_BLOCKS = YES;
				GCC_OPTIMIZATION_LEVEL = 0;
				GCC_PREPROCESSOR_DEFINITIONS = (
					"DEBUG=1",
					"$(inherited)",
				);
				GCC_WARN_64_TO_32_BIT_CONVERSION = YES;
				GCC_WARN_ABOUT_RETURN_TYPE = YES_ERROR;
				GCC_WARN_UNDECLARED_SELECTOR = YES;
				GCC_WARN_UNINITIALIZED_AUTOS = YES_AGGRESSIVE;
				GCC_WARN_UNUSED_FUNCTION = YES;
				GCC_WARN_UNUSED_VARIABLE = YES;
				IPHONEOS_DEPLOYMENT_TARGET = 13.5;
				MTL_ENABLE_DEBUG_INFO = INCLUDE_SOURCE;
				MTL_FAST_MATH = YES;
				ONLY_ACTIVE_ARCH = YES;
				SDKROOT = iphoneos;
				SWIFT_ACTIVE_COMPILATION_CONDITIONS = DEBUG;
				SWIFT_OPTIMIZATION_LEVEL = "-Onone";
			};
			name = Debug;
		};
		FF78784A29730F4800D9D813 /* Release */ = {
			isa = XCBuildConfiguration;
			buildSettings = {
				ALWAYS_SEARCH_USER_PATHS = NO;
				CLANG_ANALYZER_NONNULL = YES;
				CLANG_ANALYZER_NUMBER_OBJECT_CONVERSION = YES_AGGRESSIVE;
				CLANG_CXX_LANGUAGE_STANDARD = "gnu++20";
				CLANG_ENABLE_MODULES = YES;
				CLANG_ENABLE_OBJC_ARC = YES;
				CLANG_ENABLE_OBJC_WEAK = YES;
				CLANG_WARN_BLOCK_CAPTURE_AUTORELEASING = YES;
				CLANG_WARN_BOOL_CONVERSION = YES;
				CLANG_WARN_COMMA = YES;
				CLANG_WARN_CONSTANT_CONVERSION = YES;
				CLANG_WARN_DEPRECATED_OBJC_IMPLEMENTATIONS = YES;
				CLANG_WARN_DIRECT_OBJC_ISA_USAGE = YES_ERROR;
				CLANG_WARN_DOCUMENTATION_COMMENTS = YES;
				CLANG_WARN_EMPTY_BODY = YES;
				CLANG_WARN_ENUM_CONVERSION = YES;
				CLANG_WARN_INFINITE_RECURSION = YES;
				CLANG_WARN_INT_CONVERSION = YES;
				CLANG_WARN_NON_LITERAL_NULL_CONVERSION = YES;
				CLANG_WARN_OBJC_IMPLICIT_RETAIN_SELF = YES;
				CLANG_WARN_OBJC_LITERAL_CONVERSION = YES;
				CLANG_WARN_OBJC_ROOT_CLASS = YES_ERROR;
				CLANG_WARN_QUOTED_INCLUDE_IN_FRAMEWORK_HEADER = YES;
				CLANG_WARN_RANGE_LOOP_ANALYSIS = YES;
				CLANG_WARN_STRICT_PROTOTYPES = YES;
				CLANG_WARN_SUSPICIOUS_MOVE = YES;
				CLANG_WARN_UNGUARDED_AVAILABILITY = YES_AGGRESSIVE;
				CLANG_WARN_UNREACHABLE_CODE = YES;
				CLANG_WARN__DUPLICATE_METHOD_MATCH = YES;
				COPY_PHASE_STRIP = NO;
				DEBUG_INFORMATION_FORMAT = "dwarf-with-dsym";
				ENABLE_NS_ASSERTIONS = NO;
				ENABLE_STRICT_OBJC_MSGSEND = YES;
				GCC_C_LANGUAGE_STANDARD = gnu11;
				GCC_NO_COMMON_BLOCKS = YES;
				GCC_WARN_64_TO_32_BIT_CONVERSION = YES;
				GCC_WARN_ABOUT_RETURN_TYPE = YES_ERROR;
				GCC_WARN_UNDECLARED_SELECTOR = YES;
				GCC_WARN_UNINITIALIZED_AUTOS = YES_AGGRESSIVE;
				GCC_WARN_UNUSED_FUNCTION = YES;
				GCC_WARN_UNUSED_VARIABLE = YES;
				IPHONEOS_DEPLOYMENT_TARGET = 13.5;
				MTL_ENABLE_DEBUG_INFO = NO;
				MTL_FAST_MATH = YES;
				SDKROOT = iphoneos;
				SWIFT_COMPILATION_MODE = wholemodule;
				SWIFT_OPTIMIZATION_LEVEL = "-O";
				VALIDATE_PRODUCT = YES;
			};
			name = Release;
		};
		FF78784C29730F4800D9D813 /* Debug */ = {
			isa = XCBuildConfiguration;
			baseConfigurationReference = A509EDA9A3D579A6E15B006F /* Pods-GapoChallenge.debug.xcconfig */;
			buildSettings = {
				ASSETCATALOG_COMPILER_APPICON_NAME = AppIcon;
				ASSETCATALOG_COMPILER_GLOBAL_ACCENT_COLOR_NAME = AccentColor;
				CODE_SIGN_STYLE = Automatic;
				CURRENT_PROJECT_VERSION = 1;
				DEVELOPMENT_TEAM = R99JA5W74X;
				GENERATE_INFOPLIST_FILE = YES;
				INFOPLIST_FILE = GapoChallenge/Info.plist;
				INFOPLIST_KEY_CFBundleDisplayName = "Gapo Challenge";
				INFOPLIST_KEY_UIApplicationSupportsIndirectInputEvents = YES;
				INFOPLIST_KEY_UILaunchStoryboardName = LaunchScreen;
				INFOPLIST_KEY_UISupportedInterfaceOrientations_iPad = "UIInterfaceOrientationPortrait UIInterfaceOrientationPortraitUpsideDown UIInterfaceOrientationLandscapeLeft UIInterfaceOrientationLandscapeRight";
				INFOPLIST_KEY_UISupportedInterfaceOrientations_iPhone = "UIInterfaceOrientationPortrait UIInterfaceOrientationLandscapeLeft UIInterfaceOrientationLandscapeRight";
				IPHONEOS_DEPLOYMENT_TARGET = 13.5;
				LD_RUNPATH_SEARCH_PATHS = (
					"$(inherited)",
					"@executable_path/Frameworks",
				);
				MARKETING_VERSION = 1.0;
				PRODUCT_BUNDLE_IDENTIFIER = com.hungs20.GapoChallenge;
				PRODUCT_NAME = "$(TARGET_NAME)";
				SWIFT_EMIT_LOC_STRINGS = YES;
				SWIFT_VERSION = 5.0;
				TARGETED_DEVICE_FAMILY = "1,2";
			};
			name = Debug;
		};
		FF78784D29730F4800D9D813 /* Release */ = {
			isa = XCBuildConfiguration;
			baseConfigurationReference = B0EAFF29DD8F5C1CE19CD2EF /* Pods-GapoChallenge.release.xcconfig */;
			buildSettings = {
				ASSETCATALOG_COMPILER_APPICON_NAME = AppIcon;
				ASSETCATALOG_COMPILER_GLOBAL_ACCENT_COLOR_NAME = AccentColor;
				CODE_SIGN_STYLE = Automatic;
				CURRENT_PROJECT_VERSION = 1;
				DEVELOPMENT_TEAM = R99JA5W74X;
				GENERATE_INFOPLIST_FILE = YES;
				INFOPLIST_FILE = GapoChallenge/Info.plist;
				INFOPLIST_KEY_CFBundleDisplayName = "Gapo Challenge";
				INFOPLIST_KEY_UIApplicationSupportsIndirectInputEvents = YES;
				INFOPLIST_KEY_UILaunchStoryboardName = LaunchScreen;
				INFOPLIST_KEY_UISupportedInterfaceOrientations_iPad = "UIInterfaceOrientationPortrait UIInterfaceOrientationPortraitUpsideDown UIInterfaceOrientationLandscapeLeft UIInterfaceOrientationLandscapeRight";
				INFOPLIST_KEY_UISupportedInterfaceOrientations_iPhone = "UIInterfaceOrientationPortrait UIInterfaceOrientationLandscapeLeft UIInterfaceOrientationLandscapeRight";
				IPHONEOS_DEPLOYMENT_TARGET = 13.5;
				LD_RUNPATH_SEARCH_PATHS = (
					"$(inherited)",
					"@executable_path/Frameworks",
				);
				MARKETING_VERSION = 1.0;
				PRODUCT_BUNDLE_IDENTIFIER = com.hungs20.GapoChallenge;
				PRODUCT_NAME = "$(TARGET_NAME)";
				SWIFT_EMIT_LOC_STRINGS = YES;
				SWIFT_VERSION = 5.0;
				TARGETED_DEVICE_FAMILY = "1,2";
			};
			name = Release;
		};
/* End XCBuildConfiguration section */

/* Begin XCConfigurationList section */
		FF78783229730F4600D9D813 /* Build configuration list for PBXProject "GapoChallenge" */ = {
			isa = XCConfigurationList;
			buildConfigurations = (
				FF78784929730F4800D9D813 /* Debug */,
				FF78784A29730F4800D9D813 /* Release */,
			);
			defaultConfigurationIsVisible = 0;
			defaultConfigurationName = Release;
		};
		FF78784B29730F4800D9D813 /* Build configuration list for PBXNativeTarget "GapoChallenge" */ = {
			isa = XCConfigurationList;
			buildConfigurations = (
				FF78784C29730F4800D9D813 /* Debug */,
				FF78784D29730F4800D9D813 /* Release */,
			);
			defaultConfigurationIsVisible = 0;
			defaultConfigurationName = Release;
		};
/* End XCConfigurationList section */
	};
	rootObject = FF78782F29730F4600D9D813 /* Project object */;
}
